{
  "name": "playground-examples",
  "version": "1.0.0",
  "lockfileVersion": 1,
  "requires": true,
  "dependencies": {
    "@rbxts/compiler-types": {
      "version": "1.0.0-beta.11.1",
      "resolved": "https://registry.npmjs.org/@rbxts/compiler-types/-/compiler-types-1.0.0-beta.11.1.tgz",
      "integrity": "sha512-RkWbXvePkTTrydJNXa6pKoXYbD6M5IrerFi+i2aFgUotUNizQVpaCu4PNFFJ62FH2hbkrhmwgs2IiGhOqqB2TA==",
      "dev": true
    },
    "@rbxts/services": {
      "version": "1.1.2",
      "resolved": "https://registry.npmjs.org/@rbxts/services/-/services-1.1.2.tgz",
      "integrity": "sha512-vxlo00Q/F1Yq3yGa5jisI1lkWuByJzLs2rfidA4e0wkLCBR0Od+BG55TBMzptCVUZjHUSefif4Mtl3d3a6IxyA=="
    },
    "@rbxts/types": {
      "version": "1.0.431",
      "resolved": "https://registry.npmjs.org/@rbxts/types/-/types-1.0.431.tgz",
      "integrity": "sha512-bVF0kPsB8qdjR7+45giJ7M+hIGV++NmnmL9k5b2oA+p8IS+T8Elzffq1yVKI1Tq5UTzHqFXxoaybUb3/ERVn1Q==",
      "dev": true
    }
  }
}
